
Microsoft Visual Studio Solution File, Format Version 12.00
Project("{FAE04EC0-301F-11D3-BF4B-00C04F79EFBC}") = "verademo-dotnet", "verademo-dotnet\verademo-dotnet.csproj", "{358A90CB-5F3B-416E-895C-5E9189533C33}"
EndProject
Global
	GlobalSection(SolutionConfigurationPlatforms) = preSolution
		Debug|Any CPU = Debug|Any CPU
		Release|Any CPU = Release|Any CPU
	EndGlobalSection
	GlobalSection(ProjectConfigurationPlatforms) = postSolution
		{358A90CB-5F3B-416E-895C-5E9189533C33}.Debug|Any CPU.ActiveCfg = Debug|Any CPU
		{358A90CB-5F3B-416E-895C-5E9189533C33}.Debug|Any CPU.Build.0 = Debug|Any CPU
		{358A90CB-5F3B-416E-895C-5E9189533C33}.Release|Any CPU.ActiveCfg = Release|Any CPU
		{358A90CB-5F3B-416E-895C-5E9189533C33}.Release|Any CPU.Build.0 = Release|Any CPU
	EndGlobalSection
EndGlobal
